{
  "name": "3dgraph",
  "lockfileVersion": 2,
  "requires": true,
  "packages": {
    "": {
      "dependencies": {
        "plotly.js-dist": "^2.18.1",
        "plotly.js-dist-min": "^2.18.1"
      }
    },
    "node_modules/plotly.js-dist": {
      "version": "2.18.1",
      "resolved": "https://registry.npmjs.org/plotly.js-dist/-/plotly.js-dist-2.18.1.tgz",
      "integrity": "sha512-E+XfB4dE9KeIqaUzNpU31y2GreVI33EZgOS1ItRdAENJaycFQutmXn/Zq485E+uok2EHmlbhua4TxOOK6VOw3g=="
    },
    "node_modules/plotly.js-dist-min": {
      "version": "2.18.1",
      "resolved": "https://registry.npmjs.org/plotly.js-dist-min/-/plotly.js-dist-min-2.18.1.tgz",
      "integrity": "sha512-5JTifJvteLydAyYoFA1pqpI/c3jNuBJZmZuxWvIm6X+fEmIk/8KMfuJcBqMlHsG8Pz5SsapDHWxG5q+zndezEg=="
    }
  },
  "dependencies": {
    "plotly.js-dist": {
      "version": "2.18.1",
      "resolved": "https://registry.npmjs.org/plotly.js-dist/-/plotly.js-dist-2.18.1.tgz",
      "integrity": "sha512-E+XfB4dE9KeIqaUzNpU31y2GreVI33EZgOS1ItRdAENJaycFQutmXn/Zq485E+uok2EHmlbhua4TxOOK6VOw3g=="
    },
    "plotly.js-dist-min": {
      "version": "2.18.1",
      "resolved": "https://registry.npmjs.org/plotly.js-dist-min/-/plotly.js-dist-min-2.18.1.tgz",
      "integrity": "sha512-5JTifJvteLydAyYoFA1pqpI/c3jNuBJZmZuxWvIm6X+fEmIk/8KMfuJcBqMlHsG8Pz5SsapDHWxG5q+zndezEg=="
    }
  }
}
